
Microsoft Visual Studio Solution File, Format Version 12.00
# Visual Studio 14
VisualStudioVersion = 14.0.23107.0
MinimumVisualStudioVersion = 10.0.40219.1
Project("{FAE04EC0-301F-11D3-BF4B-00C04F79EFBC}") = "ScreenTimerWeb", "ScreenTimerWeb\ScreenTimerWeb.csproj", "{6DF65676-2259-43B7-BEE1-B93067530B1B}"
EndProject
Project("{FAE04EC0-301F-11D3-BF4B-00C04F79EFBC}") = "ScreenTimeClient", "ScreenTimeClient\ScreenTimeClient.csproj", "{DCFBF701-F1C8-4335-AD8A-813010859123}"
EndProject
Global
	GlobalSection(SolutionConfigurationPlatforms) = preSolution
		Debug|Any CPU = Debug|Any CPU
		Release|Any CPU = Release|Any CPU
	EndGlobalSection
	GlobalSection(ProjectConfigurationPlatforms) = postSolution
		{6DF65676-2259-43B7-BEE1-B93067530B1B}.Debug|Any CPU.ActiveCfg = Debug|Any CPU
		{6DF65676-2259-43B7-BEE1-B93067530B1B}.Debug|Any CPU.Build.0 = Debug|Any CPU
		{6DF65676-2259-43B7-BEE1-B93067530B1B}.Release|Any CPU.ActiveCfg = Release|Any CPU
		{6DF65676-2259-43B7-BEE1-B93067530B1B}.Release|Any CPU.Build.0 = Release|Any CPU
		{DCFBF701-F1C8-4335-AD8A-813010859123}.Debug|Any CPU.ActiveCfg = Debug|Any CPU
		{DCFBF701-F1C8-4335-AD8A-813010859123}.Debug|Any CPU.Build.0 = Debug|Any CPU
		{DCFBF701-F1C8-4335-AD8A-813010859123}.Release|Any CPU.ActiveCfg = Release|Any CPU
		{DCFBF701-F1C8-4335-AD8A-813010859123}.Release|Any CPU.Build.0 = Release|Any CPU
	EndGlobalSection
	GlobalSection(SolutionProperties) = preSolution
		HideSolutionNode = FALSE
	EndGlobalSection
EndGlobal
